
Microsoft Visual Studio Solution File, Format Version 12.00
# Visual Studio Version 17
VisualStudioVersion = 17.0.32112.339
MinimumVisualStudioVersion = 10.0.40219.1
Project("{8BC9CEB8-8B4A-11D0-8D11-00A0C91BC942}") = "ProjetCpp", "ProjetCpp\ProjetCpp.vcxproj", "{C564420A-C697-4FBC-BB7E-80A18F90E2EC}"
EndProject
Global
	GlobalSection(SolutionConfigurationPlatforms) = preSolution
		Debug|x64 = Debug|x64
		Debug|x86 = Debug|x86
		Release|x64 = Release|x64
		Release|x86 = Release|x86
	EndGlobalSection
	GlobalSection(ProjectConfigurationPlatforms) = postSolution
		{C564420A-C697-4FBC-BB7E-80A18F90E2EC}.Debug|x64.ActiveCfg = Debug|x64
		{C564420A-C697-4FBC-BB7E-80A18F90E2EC}.Debug|x64.Build.0 = Debug|x64
		{C564420A-C697-4FBC-BB7E-80A18F90E2EC}.Debug|x86.ActiveCfg = Debug|Win32
		{C564420A-C697-4FBC-BB7E-80A18F90E2EC}.Debug|x86.Build.0 = Debug|Win32
		{C564420A-C697-4FBC-BB7E-80A18F90E2EC}.Release|x64.ActiveCfg = Release|x64
		{C564420A-C697-4FBC-BB7E-80A18F90E2EC}.Release|x64.Build.0 = Release|x64
		{C564420A-C697-4FBC-BB7E-80A18F90E2EC}.Release|x86.ActiveCfg = Release|Win32
		{C564420A-C697-4FBC-BB7E-80A18F90E2EC}.Release|x86.Build.0 = Release|Win32
	EndGlobalSection
	GlobalSection(SolutionProperties) = preSolution
		HideSolutionNode = FALSE
	EndGlobalSection
	GlobalSection(ExtensibilityGlobals) = postSolution
		SolutionGuid = {E8DCB9AF-34C9-46E2-96C9-C3D90BEC2BE0}
	EndGlobalSection
EndGlobal
